Microsoft Visual Studio Solution File, Format Version 11.00
# Visual Studio 2008

Project("{F315117B-29A0-40E4-5A60-DA00464C8C99}") = "Unity_LeapMotion", "Assembly-CSharp-firstpass.csproj", "{12139382-3C81-C616-F922-C9B8B700518C}"
EndProject
Project("{F315117B-29A0-40E4-5A60-DA00464C8C99}") = "Unity_LeapMotion", "Assembly-CSharp.csproj", "{EEA10873-F26D-ACC6-8822-E385DAB79726}"
EndProject
Project("{F315117B-29A0-40E4-5A60-DA00464C8C99}") = "Unity_LeapMotion", "Assembly-CSharp-Editor.csproj", "{A73014AD-2691-05BC-3DF9-C40A7A248F4E}"
EndProject
Project("{F315117B-29A0-40E4-5A60-DA00464C8C99}") = "Unity_LeapMotion", "Assembly-UnityScript-firstpass.unityproj", "{C6E23195-2AA5-9D79-9335-E1D049D35F76}"
EndProject
Global
	GlobalSection(SolutionConfigurationPlatforms) = preSolution
		Debug|Any CPU = Debug|Any CPU
		Release|Any CPU = Release|Any CPU
	EndGlobalSection
	GlobalSection(ProjectConfigurationPlatforms) = postSolution
		{12139382-3C81-C616-F922-C9B8B700518C}.Debug|Any CPU.ActiveCfg = Debug|Any CPU
		{12139382-3C81-C616-F922-C9B8B700518C}.Debug|Any CPU.Build.0 = Debug|Any CPU
		{12139382-3C81-C616-F922-C9B8B700518C}.Release|Any CPU.ActiveCfg = Release|Any CPU
		{12139382-3C81-C616-F922-C9B8B700518C}.Release|Any CPU.Build.0 = Release|Any CPU
		{EEA10873-F26D-ACC6-8822-E385DAB79726}.Debug|Any CPU.ActiveCfg = Debug|Any CPU
		{EEA10873-F26D-ACC6-8822-E385DAB79726}.Debug|Any CPU.Build.0 = Debug|Any CPU
		{EEA10873-F26D-ACC6-8822-E385DAB79726}.Release|Any CPU.ActiveCfg = Release|Any CPU
		{EEA10873-F26D-ACC6-8822-E385DAB79726}.Release|Any CPU.Build.0 = Release|Any CPU
		{A73014AD-2691-05BC-3DF9-C40A7A248F4E}.Debug|Any CPU.ActiveCfg = Debug|Any CPU
		{A73014AD-2691-05BC-3DF9-C40A7A248F4E}.Debug|Any CPU.Build.0 = Debug|Any CPU
		{A73014AD-2691-05BC-3DF9-C40A7A248F4E}.Release|Any CPU.ActiveCfg = Release|Any CPU
		{A73014AD-2691-05BC-3DF9-C40A7A248F4E}.Release|Any CPU.Build.0 = Release|Any CPU
		{C6E23195-2AA5-9D79-9335-E1D049D35F76}.Debug|Any CPU.ActiveCfg = Debug|Any CPU
		{C6E23195-2AA5-9D79-9335-E1D049D35F76}.Debug|Any CPU.Build.0 = Debug|Any CPU
		{C6E23195-2AA5-9D79-9335-E1D049D35F76}.Release|Any CPU.ActiveCfg = Release|Any CPU
		{C6E23195-2AA5-9D79-9335-E1D049D35F76}.Release|Any CPU.Build.0 = Release|Any CPU
	EndGlobalSection
	GlobalSection(SolutionProperties) = preSolution
		HideSolutionNode = FALSE
	EndGlobalSection
				GlobalSection(MonoDevelopProperties) = preSolution
		StartupItem = Assembly-CSharp.csproj
		Policies = $0
		$0.TextStylePolicy = $1
		$1.inheritsSet = null
		$1.scope = text/x-csharp
		$0.CSharpFormattingPolicy = $2
		$2.inheritsSet = Mono
		$2.inheritsScope = text/x-csharp
		$2.scope = text/x-csharp
		$0.TextStylePolicy = $3
		$3.FileWidth = 120
		$3.TabWidth = 4
		$3.EolMarker = Unix
		$3.inheritsSet = Mono
		$3.inheritsScope = text/plain
		$3.scope = text/plain
	EndGlobalSection

EndGlobal
